
Microsoft Visual Studio Solution File, Format Version 12.00
# Visual Studio Version 17
VisualStudioVersion = 17.1.32407.343
MinimumVisualStudioVersion = 10.0.40219.1
Project("{FAE04EC0-301F-11D3-BF4B-00C04F79EFBC}") = "FI7Q84_HFT_2023241.Client", "FI7Q84_HFT_2023241.Client\FI7Q84_HFT_2023241.Client.csproj", "{0BB4CAF3-563E-4DCD-8AA1-C0E7340A8352}"
EndProject
Project("{FAE04EC0-301F-11D3-BF4B-00C04F79EFBC}") = "FI7Q84_HFT_2023241.Models", "FI7Q84_HFT_2023241.Models\FI7Q84_HFT_2023241.Models.csproj", "{D62B9463-3CC1-4D1C-8AFB-87949A97C609}"
EndProject
Project("{FAE04EC0-301F-11D3-BF4B-00C04F79EFBC}") = "FI7Q84_HFT_2023241.Logic", "FI7Q84_HFT_2023241.Logic\FI7Q84_HFT_2023241.Logic.csproj", "{567B8B22-75F3-4F04-8A27-CA479F482BE4}"
EndProject
Project("{FAE04EC0-301F-11D3-BF4B-00C04F79EFBC}") = "FI7Q84_HFT_2023241.Repository", "FI7Q84_HFT_2023241.Repository\FI7Q84_HFT_2023241.Repository.csproj", "{BC121AE9-60B6-4A1F-9460-90F0E4290574}"
EndProject
Project("{FAE04EC0-301F-11D3-BF4B-00C04F79EFBC}") = "FI7Q84_HFT_2023241.Endpoint", "FI7Q84_HFT_2023241.Endpoint\FI7Q84_HFT_2023241.Endpoint.csproj", "{0F39975B-A195-4411-8371-6AA5EFC65479}"
EndProject
Project("{FAE04EC0-301F-11D3-BF4B-00C04F79EFBC}") = "FI7Q84_HFT_2023241.Test", "FI7Q84_HFT_2023241.Test\FI7Q84_HFT_2023241.Test.csproj", "{9CDDA9BC-D18F-49C7-9A2F-681AF2BA14F3}"
EndProject
Project("{2150E333-8FDC-42A3-9474-1A3956D46DE8}") = "Backend", "Backend", "{7EB8A174-5833-426E-9327-942546DD184C}"
EndProject
Project("{2150E333-8FDC-42A3-9474-1A3956D46DE8}") = "Frontend", "Frontend", "{8D02F580-6790-459E-8139-27271B917347}"
EndProject
Project("{2150E333-8FDC-42A3-9474-1A3956D46DE8}") = "Shared", "Shared", "{C2471FE4-A640-4CB5-9C7A-6E58A035691D}"
EndProject
Global
	GlobalSection(SolutionConfigurationPlatforms) = preSolution
		Debug|Any CPU = Debug|Any CPU
		Release|Any CPU = Release|Any CPU
	EndGlobalSection
	GlobalSection(ProjectConfigurationPlatforms) = postSolution
		{0BB4CAF3-563E-4DCD-8AA1-C0E7340A8352}.Debug|Any CPU.ActiveCfg = Debug|Any CPU
		{0BB4CAF3-563E-4DCD-8AA1-C0E7340A8352}.Debug|Any CPU.Build.0 = Debug|Any CPU
		{0BB4CAF3-563E-4DCD-8AA1-C0E7340A8352}.Release|Any CPU.ActiveCfg = Release|Any CPU
		{0BB4CAF3-563E-4DCD-8AA1-C0E7340A8352}.Release|Any CPU.Build.0 = Release|Any CPU
		{D62B9463-3CC1-4D1C-8AFB-87949A97C609}.Debug|Any CPU.ActiveCfg = Debug|Any CPU
		{D62B9463-3CC1-4D1C-8AFB-87949A97C609}.Debug|Any CPU.Build.0 = Debug|Any CPU
		{D62B9463-3CC1-4D1C-8AFB-87949A97C609}.Release|Any CPU.ActiveCfg = Release|Any CPU
		{D62B9463-3CC1-4D1C-8AFB-87949A97C609}.Release|Any CPU.Build.0 = Release|Any CPU
		{567B8B22-75F3-4F04-8A27-CA479F482BE4}.Debug|Any CPU.ActiveCfg = Debug|Any CPU
		{567B8B22-75F3-4F04-8A27-CA479F482BE4}.Debug|Any CPU.Build.0 = Debug|Any CPU
		{567B8B22-75F3-4F04-8A27-CA479F482BE4}.Release|Any CPU.ActiveCfg = Release|Any CPU
		{567B8B22-75F3-4F04-8A27-CA479F482BE4}.Release|Any CPU.Build.0 = Release|Any CPU
		{BC121AE9-60B6-4A1F-9460-90F0E4290574}.Debug|Any CPU.ActiveCfg = Debug|Any CPU
		{BC121AE9-60B6-4A1F-9460-90F0E4290574}.Debug|Any CPU.Build.0 = Debug|Any CPU
		{BC121AE9-60B6-4A1F-9460-90F0E4290574}.Release|Any CPU.ActiveCfg = Release|Any CPU
		{BC121AE9-60B6-4A1F-9460-90F0E4290574}.Release|Any CPU.Build.0 = Release|Any CPU
		{0F39975B-A195-4411-8371-6AA5EFC65479}.Debug|Any CPU.ActiveCfg = Debug|Any CPU
		{0F39975B-A195-4411-8371-6AA5EFC65479}.Debug|Any CPU.Build.0 = Debug|Any CPU
		{0F39975B-A195-4411-8371-6AA5EFC65479}.Release|Any CPU.ActiveCfg = Release|Any CPU
		{0F39975B-A195-4411-8371-6AA5EFC65479}.Release|Any CPU.Build.0 = Release|Any CPU
		{9CDDA9BC-D18F-49C7-9A2F-681AF2BA14F3}.Debug|Any CPU.ActiveCfg = Debug|Any CPU
		{9CDDA9BC-D18F-49C7-9A2F-681AF2BA14F3}.Debug|Any CPU.Build.0 = Debug|Any CPU
		{9CDDA9BC-D18F-49C7-9A2F-681AF2BA14F3}.Release|Any CPU.ActiveCfg = Release|Any CPU
		{9CDDA9BC-D18F-49C7-9A2F-681AF2BA14F3}.Release|Any CPU.Build.0 = Release|Any CPU
	EndGlobalSection
	GlobalSection(SolutionProperties) = preSolution
		HideSolutionNode = FALSE
	EndGlobalSection
	GlobalSection(NestedProjects) = preSolution
		{0BB4CAF3-563E-4DCD-8AA1-C0E7340A8352} = {8D02F580-6790-459E-8139-27271B917347}
		{D62B9463-3CC1-4D1C-8AFB-87949A97C609} = {C2471FE4-A640-4CB5-9C7A-6E58A035691D}
		{567B8B22-75F3-4F04-8A27-CA479F482BE4} = {7EB8A174-5833-426E-9327-942546DD184C}
		{BC121AE9-60B6-4A1F-9460-90F0E4290574} = {7EB8A174-5833-426E-9327-942546DD184C}
		{0F39975B-A195-4411-8371-6AA5EFC65479} = {7EB8A174-5833-426E-9327-942546DD184C}
		{9CDDA9BC-D18F-49C7-9A2F-681AF2BA14F3} = {7EB8A174-5833-426E-9327-942546DD184C}
	EndGlobalSection
	GlobalSection(ExtensibilityGlobals) = postSolution
		SolutionGuid = {0A302E9C-D284-4305-9969-3AEDC9E5F5A6}
	EndGlobalSection
EndGlobal
